
Microsoft Visual Studio Solution File, Format Version 12.00
# Visual Studio Version 17
VisualStudioVersion = 17.5.002.0
MinimumVisualStudioVersion = 10.0.40219.1
Project("{2150E333-8FDC-42A3-9474-1A3956D46DE8}") = "csharp-prep", "csharp-prep", "{8020CE84-AE10-4583-8783-1C664449D2B6}"
EndProject
Project("{9A19103F-16F7-4668-BE54-9A1E7A4F7556}") = "Prep1", "csharp-prep\Prep1\Prep1.csproj", "{A8A40EF7-C174-4013-989A-17F44D4594D9}"
EndProject
Project("{9A19103F-16F7-4668-BE54-9A1E7A4F7556}") = "Prep2", "csharp-prep\Prep2\Prep2.csproj", "{93A133A7-FFEE-4846-933C-8FE20AA559F2}"
EndProject
Project("{9A19103F-16F7-4668-BE54-9A1E7A4F7556}") = "Prep3", "csharp-prep\Prep3\Prep3.csproj", "{75B634E7-19D3-4725-B1A4-766A4BE1F34D}"
EndProject
Project("{9A19103F-16F7-4668-BE54-9A1E7A4F7556}") = "Prep4", "csharp-prep\Prep4\Prep4.csproj", "{CC269CD5-CAD2-4ED0-B9CF-D4A34812A8E7}"
EndProject
Project("{9A19103F-16F7-4668-BE54-9A1E7A4F7556}") = "Prep5", "csharp-prep\Prep5\Prep5.csproj", "{B072E3C8-A130-4EFD-B606-AF515192BA8D}"
EndProject
Project("{2150E333-8FDC-42A3-9474-1A3956D46DE8}") = "final", "final", "{111D8BF8-52EA-4F93-A2AF-01A51F9EAAB6}"
EndProject
Project("{9A19103F-16F7-4668-BE54-9A1E7A4F7556}") = "FinalProject", "final\FinalProject\FinalProject.csproj", "{066F451E-43A0-44AE-91AF-FA645846F7E4}"
EndProject
Project("{9A19103F-16F7-4668-BE54-9A1E7A4F7556}") = "Foundation1", "final\Foundation1\Foundation1.csproj", "{3871A98A-03B0-490F-89CC-5D3AAEF2D0E1}"
EndProject
Project("{9A19103F-16F7-4668-BE54-9A1E7A4F7556}") = "Foundation2", "final\Foundation2\Foundation2.csproj", "{C248C5AD-9187-4C47-81F8-963623E1711B}"
EndProject
Project("{9A19103F-16F7-4668-BE54-9A1E7A4F7556}") = "Foundation3", "final\Foundation3\Foundation3.csproj", "{4E54BFB6-EC44-47DC-85DD-4205EAEDDC24}"
EndProject
Project("{9A19103F-16F7-4668-BE54-9A1E7A4F7556}") = "Foundation4", "final\Foundation4\Foundation4.csproj", "{5C75AEF7-01E2-4BC2-A5A4-C3ADEE719638}"
EndProject
Project("{2150E333-8FDC-42A3-9474-1A3956D46DE8}") = "prepare", "prepare", "{29982CC4-E0DA-49B2-8622-C4FC247657C1}"
EndProject
Project("{9A19103F-16F7-4668-BE54-9A1E7A4F7556}") = "Learning02", "prepare\Learning02\Learning02.csproj", "{C77EFE4D-7969-4431-BC96-01D0443FEDE9}"
EndProject
Project("{9A19103F-16F7-4668-BE54-9A1E7A4F7556}") = "Learning03", "prepare\Learning03\Learning03.csproj", "{5C4984CA-CE5C-4DD6-AA93-DCCBB16333C2}"
EndProject
Project("{9A19103F-16F7-4668-BE54-9A1E7A4F7556}") = "Learning04", "prepare\Learning04\Learning04.csproj", "{4DE65026-2E14-45EB-9008-58CDD3534E76}"
EndProject
Project("{9A19103F-16F7-4668-BE54-9A1E7A4F7556}") = "Learning05", "prepare\Learning05\Learning05.csproj", "{A12F9AE8-3910-4214-B27A-63F1B978DA56}"
EndProject
Project("{2150E333-8FDC-42A3-9474-1A3956D46DE8}") = "prove", "prove", "{B2EAB2C7-C550-4D44-8129-D411597F41D9}"
EndProject
Project("{9A19103F-16F7-4668-BE54-9A1E7A4F7556}") = "Develop02", "prove\Develop02\Develop02.csproj", "{35EF4EB5-8DB0-4270-8A96-7EA2F6ED02AA}"
EndProject
Project("{9A19103F-16F7-4668-BE54-9A1E7A4F7556}") = "Develop03", "prove\Develop03\Develop03.csproj", "{71260F83-0644-4F47-B62F-6447423A4A16}"
EndProject
Project("{9A19103F-16F7-4668-BE54-9A1E7A4F7556}") = "Develop04", "prove\Develop04\Develop04.csproj", "{B36E51FE-AE54-4162-90DA-A477AA4C8604}"
EndProject
Project("{9A19103F-16F7-4668-BE54-9A1E7A4F7556}") = "Develop05", "prove\Develop05\Develop05.csproj", "{FE357A1B-D632-42AE-B1F2-7D80F77F5BFB}"
EndProject
Project("{2150E333-8FDC-42A3-9474-1A3956D46DE8}") = "sandbox", "sandbox", "{51F11C85-DA68-4740-9BD5-6DED726FEC85}"
EndProject
Project("{9A19103F-16F7-4668-BE54-9A1E7A4F7556}") = "Sandbox", "sandbox\Sandbox\Sandbox.csproj", "{8EBB0DC3-502B-4783-8761-59561CE17B28}"
EndProject
Global
	GlobalSection(SolutionConfigurationPlatforms) = preSolution
		Debug|Any CPU = Debug|Any CPU
		Release|Any CPU = Release|Any CPU
	EndGlobalSection
	GlobalSection(ProjectConfigurationPlatforms) = postSolution
		{A8A40EF7-C174-4013-989A-17F44D4594D9}.Debug|Any CPU.ActiveCfg = Debug|Any CPU
		{A8A40EF7-C174-4013-989A-17F44D4594D9}.Debug|Any CPU.Build.0 = Debug|Any CPU
		{A8A40EF7-C174-4013-989A-17F44D4594D9}.Release|Any CPU.ActiveCfg = Release|Any CPU
		{A8A40EF7-C174-4013-989A-17F44D4594D9}.Release|Any CPU.Build.0 = Release|Any CPU
		{93A133A7-FFEE-4846-933C-8FE20AA559F2}.Debug|Any CPU.ActiveCfg = Debug|Any CPU
		{93A133A7-FFEE-4846-933C-8FE20AA559F2}.Debug|Any CPU.Build.0 = Debug|Any CPU
		{93A133A7-FFEE-4846-933C-8FE20AA559F2}.Release|Any CPU.ActiveCfg = Release|Any CPU
		{93A133A7-FFEE-4846-933C-8FE20AA559F2}.Release|Any CPU.Build.0 = Release|Any CPU
		{75B634E7-19D3-4725-B1A4-766A4BE1F34D}.Debug|Any CPU.ActiveCfg = Debug|Any CPU
		{75B634E7-19D3-4725-B1A4-766A4BE1F34D}.Debug|Any CPU.Build.0 = Debug|Any CPU
		{75B634E7-19D3-4725-B1A4-766A4BE1F34D}.Release|Any CPU.ActiveCfg = Release|Any CPU
		{75B634E7-19D3-4725-B1A4-766A4BE1F34D}.Release|Any CPU.Build.0 = Release|Any CPU
		{CC269CD5-CAD2-4ED0-B9CF-D4A34812A8E7}.Debug|Any CPU.ActiveCfg = Debug|Any CPU
		{CC269CD5-CAD2-4ED0-B9CF-D4A34812A8E7}.Debug|Any CPU.Build.0 = Debug|Any CPU
		{CC269CD5-CAD2-4ED0-B9CF-D4A34812A8E7}.Release|Any CPU.ActiveCfg = Release|Any CPU
		{CC269CD5-CAD2-4ED0-B9CF-D4A34812A8E7}.Release|Any CPU.Build.0 = Release|Any CPU
		{B072E3C8-A130-4EFD-B606-AF515192BA8D}.Debug|Any CPU.ActiveCfg = Debug|Any CPU
		{B072E3C8-A130-4EFD-B606-AF515192BA8D}.Debug|Any CPU.Build.0 = Debug|Any CPU
		{B072E3C8-A130-4EFD-B606-AF515192BA8D}.Release|Any CPU.ActiveCfg = Release|Any CPU
		{B072E3C8-A130-4EFD-B606-AF515192BA8D}.Release|Any CPU.Build.0 = Release|Any CPU
		{066F451E-43A0-44AE-91AF-FA645846F7E4}.Debug|Any CPU.ActiveCfg = Debug|Any CPU
		{066F451E-43A0-44AE-91AF-FA645846F7E4}.Debug|Any CPU.Build.0 = Debug|Any CPU
		{066F451E-43A0-44AE-91AF-FA645846F7E4}.Release|Any CPU.ActiveCfg = Release|Any CPU
		{066F451E-43A0-44AE-91AF-FA645846F7E4}.Release|Any CPU.Build.0 = Release|Any CPU
		{3871A98A-03B0-490F-89CC-5D3AAEF2D0E1}.Debug|Any CPU.ActiveCfg = Debug|Any CPU
		{3871A98A-03B0-490F-89CC-5D3AAEF2D0E1}.Debug|Any CPU.Build.0 = Debug|Any CPU
		{3871A98A-03B0-490F-89CC-5D3AAEF2D0E1}.Release|Any CPU.ActiveCfg = Release|Any CPU
		{3871A98A-03B0-490F-89CC-5D3AAEF2D0E1}.Release|Any CPU.Build.0 = Release|Any CPU
		{C248C5AD-9187-4C47-81F8-963623E1711B}.Debug|Any CPU.ActiveCfg = Debug|Any CPU
		{C248C5AD-9187-4C47-81F8-963623E1711B}.Debug|Any CPU.Build.0 = Debug|Any CPU
		{C248C5AD-9187-4C47-81F8-963623E1711B}.Release|Any CPU.ActiveCfg = Release|Any CPU
		{C248C5AD-9187-4C47-81F8-963623E1711B}.Release|Any CPU.Build.0 = Release|Any CPU
		{4E54BFB6-EC44-47DC-85DD-4205EAEDDC24}.Debug|Any CPU.ActiveCfg = Debug|Any CPU
		{4E54BFB6-EC44-47DC-85DD-4205EAEDDC24}.Debug|Any CPU.Build.0 = Debug|Any CPU
		{4E54BFB6-EC44-47DC-85DD-4205EAEDDC24}.Release|Any CPU.ActiveCfg = Release|Any CPU
		{4E54BFB6-EC44-47DC-85DD-4205EAEDDC24}.Release|Any CPU.Build.0 = Release|Any CPU
		{5C75AEF7-01E2-4BC2-A5A4-C3ADEE719638}.Debug|Any CPU.ActiveCfg = Debug|Any CPU
		{5C75AEF7-01E2-4BC2-A5A4-C3ADEE719638}.Debug|Any CPU.Build.0 = Debug|Any CPU
		{5C75AEF7-01E2-4BC2-A5A4-C3ADEE719638}.Release|Any CPU.ActiveCfg = Release|Any CPU
		{5C75AEF7-01E2-4BC2-A5A4-C3ADEE719638}.Release|Any CPU.Build.0 = Release|Any CPU
		{C77EFE4D-7969-4431-BC96-01D0443FEDE9}.Debug|Any CPU.ActiveCfg = Debug|Any CPU
		{C77EFE4D-7969-4431-BC96-01D0443FEDE9}.Debug|Any CPU.Build.0 = Debug|Any CPU
		{C77EFE4D-7969-4431-BC96-01D0443FEDE9}.Release|Any CPU.ActiveCfg = Release|Any CPU
		{C77EFE4D-7969-4431-BC96-01D0443FEDE9}.Release|Any CPU.Build.0 = Release|Any CPU
		{5C4984CA-CE5C-4DD6-AA93-DCCBB16333C2}.Debug|Any CPU.ActiveCfg = Debug|Any CPU
		{5C4984CA-CE5C-4DD6-AA93-DCCBB16333C2}.Debug|Any CPU.Build.0 = Debug|Any CPU
		{5C4984CA-CE5C-4DD6-AA93-DCCBB16333C2}.Release|Any CPU.ActiveCfg = Release|Any CPU
		{5C4984CA-CE5C-4DD6-AA93-DCCBB16333C2}.Release|Any CPU.Build.0 = Release|Any CPU
		{4DE65026-2E14-45EB-9008-58CDD3534E76}.Debug|Any CPU.ActiveCfg = Debug|Any CPU
		{4DE65026-2E14-45EB-9008-58CDD3534E76}.Debug|Any CPU.Build.0 = Debug|Any CPU
		{4DE65026-2E14-45EB-9008-58CDD3534E76}.Release|Any CPU.ActiveCfg = Release|Any CPU
		{4DE65026-2E14-45EB-9008-58CDD3534E76}.Release|Any CPU.Build.0 = Release|Any CPU
		{A12F9AE8-3910-4214-B27A-63F1B978DA56}.Debug|Any CPU.ActiveCfg = Debug|Any CPU
		{A12F9AE8-3910-4214-B27A-63F1B978DA56}.Debug|Any CPU.Build.0 = Debug|Any CPU
		{A12F9AE8-3910-4214-B27A-63F1B978DA56}.Release|Any CPU.ActiveCfg = Release|Any CPU
		{A12F9AE8-3910-4214-B27A-63F1B978DA56}.Release|Any CPU.Build.0 = Release|Any CPU
		{35EF4EB5-8DB0-4270-8A96-7EA2F6ED02AA}.Debug|Any CPU.ActiveCfg = Debug|Any CPU
		{35EF4EB5-8DB0-4270-8A96-7EA2F6ED02AA}.Debug|Any CPU.Build.0 = Debug|Any CPU
		{35EF4EB5-8DB0-4270-8A96-7EA2F6ED02AA}.Release|Any CPU.ActiveCfg = Release|Any CPU
		{35EF4EB5-8DB0-4270-8A96-7EA2F6ED02AA}.Release|Any CPU.Build.0 = Release|Any CPU
		{71260F83-0644-4F47-B62F-6447423A4A16}.Debug|Any CPU.ActiveCfg = Debug|Any CPU
		{71260F83-0644-4F47-B62F-6447423A4A16}.Debug|Any CPU.Build.0 = Debug|Any CPU
		{71260F83-0644-4F47-B62F-6447423A4A16}.Release|Any CPU.ActiveCfg = Release|Any CPU
		{71260F83-0644-4F47-B62F-6447423A4A16}.Release|Any CPU.Build.0 = Release|Any CPU
		{B36E51FE-AE54-4162-90DA-A477AA4C8604}.Debug|Any CPU.ActiveCfg = Debug|Any CPU
		{B36E51FE-AE54-4162-90DA-A477AA4C8604}.Debug|Any CPU.Build.0 = Debug|Any CPU
		{B36E51FE-AE54-4162-90DA-A477AA4C8604}.Release|Any CPU.ActiveCfg = Release|Any CPU
		{B36E51FE-AE54-4162-90DA-A477AA4C8604}.Release|Any CPU.Build.0 = Release|Any CPU
		{FE357A1B-D632-42AE-B1F2-7D80F77F5BFB}.Debug|Any CPU.ActiveCfg = Debug|Any CPU
		{FE357A1B-D632-42AE-B1F2-7D80F77F5BFB}.Debug|Any CPU.Build.0 = Debug|Any CPU
		{FE357A1B-D632-42AE-B1F2-7D80F77F5BFB}.Release|Any CPU.ActiveCfg = Release|Any CPU
		{FE357A1B-D632-42AE-B1F2-7D80F77F5BFB}.Release|Any CPU.Build.0 = Release|Any CPU
		{8EBB0DC3-502B-4783-8761-59561CE17B28}.Debug|Any CPU.ActiveCfg = Debug|Any CPU
		{8EBB0DC3-502B-4783-8761-59561CE17B28}.Debug|Any CPU.Build.0 = Debug|Any CPU
		{8EBB0DC3-502B-4783-8761-59561CE17B28}.Release|Any CPU.ActiveCfg = Release|Any CPU
		{8EBB0DC3-502B-4783-8761-59561CE17B28}.Release|Any CPU.Build.0 = Release|Any CPU
	EndGlobalSection
	GlobalSection(SolutionProperties) = preSolution
		HideSolutionNode = FALSE
	EndGlobalSection
	GlobalSection(NestedProjects) = preSolution
		{A8A40EF7-C174-4013-989A-17F44D4594D9} = {8020CE84-AE10-4583-8783-1C664449D2B6}
		{93A133A7-FFEE-4846-933C-8FE20AA559F2} = {8020CE84-AE10-4583-8783-1C664449D2B6}
		{75B634E7-19D3-4725-B1A4-766A4BE1F34D} = {8020CE84-AE10-4583-8783-1C664449D2B6}
		{CC269CD5-CAD2-4ED0-B9CF-D4A34812A8E7} = {8020CE84-AE10-4583-8783-1C664449D2B6}
		{B072E3C8-A130-4EFD-B606-AF515192BA8D} = {8020CE84-AE10-4583-8783-1C664449D2B6}
		{066F451E-43A0-44AE-91AF-FA645846F7E4} = {111D8BF8-52EA-4F93-A2AF-01A51F9EAAB6}
		{3871A98A-03B0-490F-89CC-5D3AAEF2D0E1} = {111D8BF8-52EA-4F93-A2AF-01A51F9EAAB6}
		{C248C5AD-9187-4C47-81F8-963623E1711B} = {111D8BF8-52EA-4F93-A2AF-01A51F9EAAB6}
		{4E54BFB6-EC44-47DC-85DD-4205EAEDDC24} = {111D8BF8-52EA-4F93-A2AF-01A51F9EAAB6}
		{5C75AEF7-01E2-4BC2-A5A4-C3ADEE719638} = {111D8BF8-52EA-4F93-A2AF-01A51F9EAAB6}
		{C77EFE4D-7969-4431-BC96-01D0443FEDE9} = {29982CC4-E0DA-49B2-8622-C4FC247657C1}
		{5C4984CA-CE5C-4DD6-AA93-DCCBB16333C2} = {29982CC4-E0DA-49B2-8622-C4FC247657C1}
		{4DE65026-2E14-45EB-9008-58CDD3534E76} = {29982CC4-E0DA-49B2-8622-C4FC247657C1}
		{A12F9AE8-3910-4214-B27A-63F1B978DA56} = {29982CC4-E0DA-49B2-8622-C4FC247657C1}
		{35EF4EB5-8DB0-4270-8A96-7EA2F6ED02AA} = {B2EAB2C7-C550-4D44-8129-D411597F41D9}
		{71260F83-0644-4F47-B62F-6447423A4A16} = {B2EAB2C7-C550-4D44-8129-D411597F41D9}
		{B36E51FE-AE54-4162-90DA-A477AA4C8604} = {B2EAB2C7-C550-4D44-8129-D411597F41D9}
		{FE357A1B-D632-42AE-B1F2-7D80F77F5BFB} = {B2EAB2C7-C550-4D44-8129-D411597F41D9}
		{8EBB0DC3-502B-4783-8761-59561CE17B28} = {51F11C85-DA68-4740-9BD5-6DED726FEC85}
	EndGlobalSection
	GlobalSection(ExtensibilityGlobals) = postSolution
		SolutionGuid = {40FB73B6-BC89-4F59-A08E-9C106A560C8D}
	EndGlobalSection
EndGlobal
